
Microsoft Visual Studio Solution File, Format Version 12.00
# Visual Studio 2012
Project("{FAE04EC0-301F-11D3-BF4B-00C04F79EFBC}") = "HandlingExceptions", "HandlingExceptions.csproj", "{733C69D6-FD63-41FD-AB05-B73587FE11B0}"
EndProject
Global
	GlobalSection(SolutionConfigurationPlatforms) = preSolution
		Debug|Any CPU = Debug|Any CPU
		Release|Any CPU = Release|Any CPU
	EndGlobalSection
	GlobalSection(ProjectConfigurationPlatforms) = postSolution
		{733C69D6-FD63-41FD-AB05-B73587FE11B0}.Debug|Any CPU.ActiveCfg = Debug|Any CPU
		{733C69D6-FD63-41FD-AB05-B73587FE11B0}.Debug|Any CPU.Build.0 = Debug|Any CPU
		{733C69D6-FD63-41FD-AB05-B73587FE11B0}.Release|Any CPU.ActiveCfg = Release|Any CPU
		{733C69D6-FD63-41FD-AB05-B73587FE11B0}.Release|Any CPU.Build.0 = Release|Any CPU
	EndGlobalSection
	GlobalSection(SolutionProperties) = preSolution
		HideSolutionNode = FALSE
	EndGlobalSection
EndGlobal
